
Microsoft Visual Studio Solution File, Format Version 12.00
# Visual Studio Version 17
VisualStudioVersion = 17.14.36511.14 d17.14
MinimumVisualStudioVersion = 10.0.40219.1
Project("{8BC9CEB8-8B4A-11D0-8D11-00A0C91BC942}") = "FunctionsBasics", "FunctionsBasics.vcxproj", "{05537343-8319-4933-B4A4-63A5E3C77877}"
EndProject
Global
	GlobalSection(SolutionConfigurationPlatforms) = preSolution
		Debug|x64 = Debug|x64
		Debug|x86 = Debug|x86
		Release|x64 = Release|x64
		Release|x86 = Release|x86
	EndGlobalSection
	GlobalSection(ProjectConfigurationPlatforms) = postSolution
		{05537343-8319-4933-B4A4-63A5E3C77877}.Debug|x64.ActiveCfg = Debug|x64
		{05537343-8319-4933-B4A4-63A5E3C77877}.Debug|x64.Build.0 = Debug|x64
		{05537343-8319-4933-B4A4-63A5E3C77877}.Debug|x86.ActiveCfg = Debug|Win32
		{05537343-8319-4933-B4A4-63A5E3C77877}.Debug|x86.Build.0 = Debug|Win32
		{05537343-8319-4933-B4A4-63A5E3C77877}.Release|x64.ActiveCfg = Release|x64
		{05537343-8319-4933-B4A4-63A5E3C77877}.Release|x64.Build.0 = Release|x64
		{05537343-8319-4933-B4A4-63A5E3C77877}.Release|x86.ActiveCfg = Release|Win32
		{05537343-8319-4933-B4A4-63A5E3C77877}.Release|x86.Build.0 = Release|Win32
	EndGlobalSection
	GlobalSection(SolutionProperties) = preSolution
		HideSolutionNode = FALSE
	EndGlobalSection
	GlobalSection(ExtensibilityGlobals) = postSolution
		SolutionGuid = {A4B8C37C-AB4B-48EA-9529-2589C754E77E}
	EndGlobalSection
EndGlobal
