
Microsoft Visual Studio Solution File, Format Version 12.00
# Visual Studio Version 17
VisualStudioVersion = 17.14.36511.14 d17.14
MinimumVisualStudioVersion = 10.0.40219.1
Project("{8BC9CEB8-8B4A-11D0-8D11-00A0C91BC942}") = "SlidingRectangles", "SlidingRectangles\SlidingRectangles.vcxproj", "{0EC83F71-58E2-428D-B79D-B759083D6829}"
	ProjectSection(ProjectDependencies) = postProject
		{49CAB7A0-15C8-4E3B-98A5-33D1A0294BB7} = {49CAB7A0-15C8-4E3B-98A5-33D1A0294BB7}
	EndProjectSection
EndProject
Project("{8BC9CEB8-8B4A-11D0-8D11-00A0C91BC942}") = "Prog1Engine", "Prog1Engine\Prog1Engine.vcxproj", "{49CAB7A0-15C8-4E3B-98A5-33D1A0294BB7}"
EndProject
Global
	GlobalSection(SolutionConfigurationPlatforms) = preSolution
		Debug|x64 = Debug|x64
		Debug|x86 = Debug|x86
		Release|x64 = Release|x64
		Release|x86 = Release|x86
	EndGlobalSection
	GlobalSection(ProjectConfigurationPlatforms) = postSolution
		{0EC83F71-58E2-428D-B79D-B759083D6829}.Debug|x64.ActiveCfg = Debug|x64
		{0EC83F71-58E2-428D-B79D-B759083D6829}.Debug|x64.Build.0 = Debug|x64
		{0EC83F71-58E2-428D-B79D-B759083D6829}.Debug|x86.ActiveCfg = Debug|Win32
		{0EC83F71-58E2-428D-B79D-B759083D6829}.Debug|x86.Build.0 = Debug|Win32
		{0EC83F71-58E2-428D-B79D-B759083D6829}.Release|x64.ActiveCfg = Release|x64
		{0EC83F71-58E2-428D-B79D-B759083D6829}.Release|x64.Build.0 = Release|x64
		{0EC83F71-58E2-428D-B79D-B759083D6829}.Release|x86.ActiveCfg = Release|Win32
		{0EC83F71-58E2-428D-B79D-B759083D6829}.Release|x86.Build.0 = Release|Win32
		{49CAB7A0-15C8-4E3B-98A5-33D1A0294BB7}.Debug|x64.ActiveCfg = Debug|x64
		{49CAB7A0-15C8-4E3B-98A5-33D1A0294BB7}.Debug|x64.Build.0 = Debug|x64
		{49CAB7A0-15C8-4E3B-98A5-33D1A0294BB7}.Debug|x86.ActiveCfg = Debug|Win32
		{49CAB7A0-15C8-4E3B-98A5-33D1A0294BB7}.Debug|x86.Build.0 = Debug|Win32
		{49CAB7A0-15C8-4E3B-98A5-33D1A0294BB7}.Release|x64.ActiveCfg = Release|x64
		{49CAB7A0-15C8-4E3B-98A5-33D1A0294BB7}.Release|x64.Build.0 = Release|x64
		{49CAB7A0-15C8-4E3B-98A5-33D1A0294BB7}.Release|x86.ActiveCfg = Release|Win32
		{49CAB7A0-15C8-4E3B-98A5-33D1A0294BB7}.Release|x86.Build.0 = Release|Win32
	EndGlobalSection
	GlobalSection(SolutionProperties) = preSolution
		HideSolutionNode = FALSE
	EndGlobalSection
	GlobalSection(ExtensibilityGlobals) = postSolution
		SolutionGuid = {6CF8A9BC-F92C-477C-B315-93C0F97AC8E8}
	EndGlobalSection
EndGlobal
