
Microsoft Visual Studio Solution File, Format Version 12.00
# Visual Studio Version 17
VisualStudioVersion = 17.14.36511.14 d17.14
MinimumVisualStudioVersion = 10.0.40219.1
Project("{8BC9CEB8-8B4A-11D0-8D11-00A0C91BC942}") = "MovingLines", "MovingLines\MovingLines.vcxproj", "{732F9AB0-1B9C-4849-A556-E45C7354D726}"
	ProjectSection(ProjectDependencies) = postProject
		{8DFF3FE7-BF8F-4DC3-9FB5-D2D7B38E92BD} = {8DFF3FE7-BF8F-4DC3-9FB5-D2D7B38E92BD}
	EndProjectSection
EndProject
Project("{8BC9CEB8-8B4A-11D0-8D11-00A0C91BC942}") = "Prog1Engine", "Prog1Engine\Prog1Engine.vcxproj", "{8DFF3FE7-BF8F-4DC3-9FB5-D2D7B38E92BD}"
EndProject
Global
	GlobalSection(SolutionConfigurationPlatforms) = preSolution
		Debug|x64 = Debug|x64
		Debug|x86 = Debug|x86
		Release|x64 = Release|x64
		Release|x86 = Release|x86
	EndGlobalSection
	GlobalSection(ProjectConfigurationPlatforms) = postSolution
		{732F9AB0-1B9C-4849-A556-E45C7354D726}.Debug|x64.ActiveCfg = Debug|x64
		{732F9AB0-1B9C-4849-A556-E45C7354D726}.Debug|x64.Build.0 = Debug|x64
		{732F9AB0-1B9C-4849-A556-E45C7354D726}.Debug|x86.ActiveCfg = Debug|Win32
		{732F9AB0-1B9C-4849-A556-E45C7354D726}.Debug|x86.Build.0 = Debug|Win32
		{732F9AB0-1B9C-4849-A556-E45C7354D726}.Release|x64.ActiveCfg = Release|x64
		{732F9AB0-1B9C-4849-A556-E45C7354D726}.Release|x64.Build.0 = Release|x64
		{732F9AB0-1B9C-4849-A556-E45C7354D726}.Release|x86.ActiveCfg = Release|Win32
		{732F9AB0-1B9C-4849-A556-E45C7354D726}.Release|x86.Build.0 = Release|Win32
		{8DFF3FE7-BF8F-4DC3-9FB5-D2D7B38E92BD}.Debug|x64.ActiveCfg = Debug|x64
		{8DFF3FE7-BF8F-4DC3-9FB5-D2D7B38E92BD}.Debug|x64.Build.0 = Debug|x64
		{8DFF3FE7-BF8F-4DC3-9FB5-D2D7B38E92BD}.Debug|x86.ActiveCfg = Debug|Win32
		{8DFF3FE7-BF8F-4DC3-9FB5-D2D7B38E92BD}.Debug|x86.Build.0 = Debug|Win32
		{8DFF3FE7-BF8F-4DC3-9FB5-D2D7B38E92BD}.Release|x64.ActiveCfg = Release|x64
		{8DFF3FE7-BF8F-4DC3-9FB5-D2D7B38E92BD}.Release|x64.Build.0 = Release|x64
		{8DFF3FE7-BF8F-4DC3-9FB5-D2D7B38E92BD}.Release|x86.ActiveCfg = Release|Win32
		{8DFF3FE7-BF8F-4DC3-9FB5-D2D7B38E92BD}.Release|x86.Build.0 = Release|Win32
	EndGlobalSection
	GlobalSection(SolutionProperties) = preSolution
		HideSolutionNode = FALSE
	EndGlobalSection
	GlobalSection(ExtensibilityGlobals) = postSolution
		SolutionGuid = {9A8A5F5E-45E5-402B-9B36-35F98A974608}
	EndGlobalSection
EndGlobal
