
Microsoft Visual Studio Solution File, Format Version 12.00
# Visual Studio Version 17
VisualStudioVersion = 17.14.36511.14 d17.14
MinimumVisualStudioVersion = 10.0.40219.1
Project("{8BC9CEB8-8B4A-11D0-8D11-00A0C91BC942}") = "GameFunctions", "GameFunctions\GameFunctions.vcxproj", "{7DD863BA-3389-49A7-9273-F5F625C25150}"
	ProjectSection(ProjectDependencies) = postProject
		{0929FC24-9745-491B-B57A-67BB320DDAEC} = {0929FC24-9745-491B-B57A-67BB320DDAEC}
	EndProjectSection
EndProject
Project("{8BC9CEB8-8B4A-11D0-8D11-00A0C91BC942}") = "Prog1Engine", "Prog1Engine\Prog1Engine.vcxproj", "{0929FC24-9745-491B-B57A-67BB320DDAEC}"
EndProject
Global
	GlobalSection(SolutionConfigurationPlatforms) = preSolution
		Debug|x64 = Debug|x64
		Debug|x86 = Debug|x86
		Release|x64 = Release|x64
		Release|x86 = Release|x86
	EndGlobalSection
	GlobalSection(ProjectConfigurationPlatforms) = postSolution
		{7DD863BA-3389-49A7-9273-F5F625C25150}.Debug|x64.ActiveCfg = Debug|x64
		{7DD863BA-3389-49A7-9273-F5F625C25150}.Debug|x64.Build.0 = Debug|x64
		{7DD863BA-3389-49A7-9273-F5F625C25150}.Debug|x86.ActiveCfg = Debug|Win32
		{7DD863BA-3389-49A7-9273-F5F625C25150}.Debug|x86.Build.0 = Debug|Win32
		{7DD863BA-3389-49A7-9273-F5F625C25150}.Release|x64.ActiveCfg = Release|x64
		{7DD863BA-3389-49A7-9273-F5F625C25150}.Release|x64.Build.0 = Release|x64
		{7DD863BA-3389-49A7-9273-F5F625C25150}.Release|x86.ActiveCfg = Release|Win32
		{7DD863BA-3389-49A7-9273-F5F625C25150}.Release|x86.Build.0 = Release|Win32
		{0929FC24-9745-491B-B57A-67BB320DDAEC}.Debug|x64.ActiveCfg = Debug|x64
		{0929FC24-9745-491B-B57A-67BB320DDAEC}.Debug|x64.Build.0 = Debug|x64
		{0929FC24-9745-491B-B57A-67BB320DDAEC}.Debug|x86.ActiveCfg = Debug|Win32
		{0929FC24-9745-491B-B57A-67BB320DDAEC}.Debug|x86.Build.0 = Debug|Win32
		{0929FC24-9745-491B-B57A-67BB320DDAEC}.Release|x64.ActiveCfg = Release|x64
		{0929FC24-9745-491B-B57A-67BB320DDAEC}.Release|x64.Build.0 = Release|x64
		{0929FC24-9745-491B-B57A-67BB320DDAEC}.Release|x86.ActiveCfg = Release|Win32
		{0929FC24-9745-491B-B57A-67BB320DDAEC}.Release|x86.Build.0 = Release|Win32
	EndGlobalSection
	GlobalSection(SolutionProperties) = preSolution
		HideSolutionNode = FALSE
	EndGlobalSection
	GlobalSection(ExtensibilityGlobals) = postSolution
		SolutionGuid = {F4960E5A-95A1-47D1-85E8-66DD22024F06}
	EndGlobalSection
EndGlobal
