
Microsoft Visual Studio Solution File, Format Version 12.00
# Visual Studio Version 17
VisualStudioVersion = 17.14.36511.14 d17.14
MinimumVisualStudioVersion = 10.0.40219.1
Project("{8BC9CEB8-8B4A-11D0-8D11-00A0C91BC942}") = "ClickRectangle", "ClickRectangle\ClickRectangle.vcxproj", "{806FBDFB-0C6E-4B25-8CCF-A02400CEDE6C}"
	ProjectSection(ProjectDependencies) = postProject
		{42E3A9FB-C3B5-4C97-9B03-83290C89CB72} = {42E3A9FB-C3B5-4C97-9B03-83290C89CB72}
	EndProjectSection
EndProject
Project("{8BC9CEB8-8B4A-11D0-8D11-00A0C91BC942}") = "Prog1Engine", "Prog1Engine\Prog1Engine.vcxproj", "{42E3A9FB-C3B5-4C97-9B03-83290C89CB72}"
EndProject
Global
	GlobalSection(SolutionConfigurationPlatforms) = preSolution
		Debug|x64 = Debug|x64
		Debug|x86 = Debug|x86
		Release|x64 = Release|x64
		Release|x86 = Release|x86
	EndGlobalSection
	GlobalSection(ProjectConfigurationPlatforms) = postSolution
		{806FBDFB-0C6E-4B25-8CCF-A02400CEDE6C}.Debug|x64.ActiveCfg = Debug|x64
		{806FBDFB-0C6E-4B25-8CCF-A02400CEDE6C}.Debug|x64.Build.0 = Debug|x64
		{806FBDFB-0C6E-4B25-8CCF-A02400CEDE6C}.Debug|x86.ActiveCfg = Debug|Win32
		{806FBDFB-0C6E-4B25-8CCF-A02400CEDE6C}.Debug|x86.Build.0 = Debug|Win32
		{806FBDFB-0C6E-4B25-8CCF-A02400CEDE6C}.Release|x64.ActiveCfg = Release|x64
		{806FBDFB-0C6E-4B25-8CCF-A02400CEDE6C}.Release|x64.Build.0 = Release|x64
		{806FBDFB-0C6E-4B25-8CCF-A02400CEDE6C}.Release|x86.ActiveCfg = Release|Win32
		{806FBDFB-0C6E-4B25-8CCF-A02400CEDE6C}.Release|x86.Build.0 = Release|Win32
		{42E3A9FB-C3B5-4C97-9B03-83290C89CB72}.Debug|x64.ActiveCfg = Debug|x64
		{42E3A9FB-C3B5-4C97-9B03-83290C89CB72}.Debug|x64.Build.0 = Debug|x64
		{42E3A9FB-C3B5-4C97-9B03-83290C89CB72}.Debug|x86.ActiveCfg = Debug|Win32
		{42E3A9FB-C3B5-4C97-9B03-83290C89CB72}.Debug|x86.Build.0 = Debug|Win32
		{42E3A9FB-C3B5-4C97-9B03-83290C89CB72}.Release|x64.ActiveCfg = Release|x64
		{42E3A9FB-C3B5-4C97-9B03-83290C89CB72}.Release|x64.Build.0 = Release|x64
		{42E3A9FB-C3B5-4C97-9B03-83290C89CB72}.Release|x86.ActiveCfg = Release|Win32
		{42E3A9FB-C3B5-4C97-9B03-83290C89CB72}.Release|x86.Build.0 = Release|Win32
	EndGlobalSection
	GlobalSection(SolutionProperties) = preSolution
		HideSolutionNode = FALSE
	EndGlobalSection
	GlobalSection(ExtensibilityGlobals) = postSolution
		SolutionGuid = {BBF41345-A2C5-49DF-8C91-8348871D0437}
	EndGlobalSection
EndGlobal
